
Microsoft Visual Studio Solution File, Format Version 11.00
# Visual Studio 2010
Project("{FAE04EC0-301F-11D3-BF4B-00C04F79EFBC}") = "GunmetalTheme.iOS.Component-Sample", "GunmetalTheme.iOS.Component-Sample.csproj", "{549CE2A6-77C3-4644-8D1F-4FF41998E286}"
EndProject
Global
	GlobalSection(SolutionConfigurationPlatforms) = preSolution
		Debug|iPhoneSimulator = Debug|iPhoneSimulator
		Release|iPhoneSimulator = Release|iPhoneSimulator
		Debug|iPhone = Debug|iPhone
		Release|iPhone = Release|iPhone
		Ad-Hoc|iPhone = Ad-Hoc|iPhone
		AppStore|iPhone = AppStore|iPhone
	EndGlobalSection
	GlobalSection(ProjectConfigurationPlatforms) = postSolution
		{549CE2A6-77C3-4644-8D1F-4FF41998E286}.Ad-Hoc|iPhone.ActiveCfg = Ad-Hoc|iPhone
		{549CE2A6-77C3-4644-8D1F-4FF41998E286}.Ad-Hoc|iPhone.Build.0 = Ad-Hoc|iPhone
		{549CE2A6-77C3-4644-8D1F-4FF41998E286}.AppStore|iPhone.ActiveCfg = AppStore|iPhone
		{549CE2A6-77C3-4644-8D1F-4FF41998E286}.AppStore|iPhone.Build.0 = AppStore|iPhone
		{549CE2A6-77C3-4644-8D1F-4FF41998E286}.Debug|iPhone.ActiveCfg = Debug|iPhone
		{549CE2A6-77C3-4644-8D1F-4FF41998E286}.Debug|iPhone.Build.0 = Debug|iPhone
		{549CE2A6-77C3-4644-8D1F-4FF41998E286}.Debug|iPhoneSimulator.ActiveCfg = Debug|iPhoneSimulator
		{549CE2A6-77C3-4644-8D1F-4FF41998E286}.Debug|iPhoneSimulator.Build.0 = Debug|iPhoneSimulator
		{549CE2A6-77C3-4644-8D1F-4FF41998E286}.Release|iPhone.ActiveCfg = Release|iPhone
		{549CE2A6-77C3-4644-8D1F-4FF41998E286}.Release|iPhone.Build.0 = Release|iPhone
		{549CE2A6-77C3-4644-8D1F-4FF41998E286}.Release|iPhoneSimulator.ActiveCfg = Release|iPhoneSimulator
		{549CE2A6-77C3-4644-8D1F-4FF41998E286}.Release|iPhoneSimulator.Build.0 = Release|iPhoneSimulator
	EndGlobalSection
	GlobalSection(MonoDevelopProperties) = preSolution
		version = 0.1.1.1
	EndGlobalSection
EndGlobal
